// !$*UTF8*$!
{
	archiveVersion = 1;
	classes = {
	};
	objectVersion = 50;
	objects = {

/* Begin PBXBuildFile section */
		264B2EBD250614FE00F15CB7 /* AppDelegate.swift in Sources */ = {isa = PBXBuildFile; fileRef = 264B2EBC250614FE00F15CB7 /* AppDelegate.swift */; };
		264B2EBF250614FE00F15CB7 /* SceneDelegate.swift in Sources */ = {isa = PBXBuildFile; fileRef = 264B2EBE250614FE00F15CB7 /* SceneDelegate.swift */; };
		264B2EC1250614FE00F15CB7 /* ViewController.swift in Sources */ = {isa = PBXBuildFile; fileRef = 264B2EC0250614FE00F15CB7 /* ViewController.swift */; };
		264B2EC4250614FE00F15CB7 /* Main.storyboard in Resources */ = {isa = PBXBuildFile; fileRef = 264B2EC2250614FE00F15CB7 /* Main.storyboard */; };
		264B2EC62506150000F15CB7 /* Assets.xcassets in Resources */ = {isa = PBXBuildFile; fileRef = 264B2EC52506150000F15CB7 /* Assets.xcassets */; };
		264B2EC92506150000F15CB7 /* LaunchScreen.storyboard in Resources */ = {isa = PBXBuildFile; fileRef = 264B2EC72506150000F15CB7 /* LaunchScreen.storyboard */; };
		26FB3FE7250788E400B9C3E2 /* MapperOne.swift in Sources */ = {isa = PBXBuildFile; fileRef = 26FB3FE6250788E400B9C3E2 /* MapperOne.swift */; };
		26FB3FEC2507891B00B9C3E2 /* MapperTwo.m in Sources */ = {isa = PBXBuildFile; fileRef = 26FB3FEB2507891B00B9C3E2 /* MapperTwo.m */; };
		26FB3FEE2507914200B9C3E2 /* MapperTwo+Extension.swift in Sources */ = {isa = PBXBuildFile; fileRef = 26FB3FED2507914200B9C3E2 /* MapperTwo+Extension.swift */; };
/* End PBXBuildFile section */

/* Begin PBXFileReference section */
		264B2EB9250614FE00F15CB7 /* Obj-C.app */ = {isa = PBXFileReference; explicitFileType = wrapper.application; includeInIndex = 0; path = "Obj-C.app"; sourceTree = BUILT_PRODUCTS_DIR; };
		264B2EBC250614FE00F15CB7 /* AppDelegate.swift */ = {isa = PBXFileReference; lastKnownFileType = sourcecode.swift; path = AppDelegate.swift; sourceTree = "<group>"; };
		264B2EBE250614FE00F15CB7 /* SceneDelegate.swift */ = {isa = PBXFileReference; lastKnownFileType = sourcecode.swift; path = SceneDelegate.swift; sourceTree = "<group>"; };
		264B2EC0250614FE00F15CB7 /* ViewController.swift */ = {isa = PBXFileReference; lastKnownFileType = sourcecode.swift; path = ViewController.swift; sourceTree = "<group>"; };
		264B2EC3250614FE00F15CB7 /* Base */ = {isa = PBXFileReference; lastKnownFileType = file.storyboard; name = Base; path = Base.lproj/Main.storyboard; sourceTree = "<group>"; };
		264B2EC52506150000F15CB7 /* Assets.xcassets */ = {isa = PBXFileReference; lastKnownFileType = folder.assetcatalog; path = Assets.xcassets; sourceTree = "<group>"; };
		264B2EC82506150000F15CB7 /* Base */ = {isa = PBXFileReference; lastKnownFileType = file.storyboard; name = Base; path = Base.lproj/LaunchScreen.storyboard; sourceTree = "<group>"; };
		264B2ECA2506150000F15CB7 /* Info.plist */ = {isa = PBXFileReference; lastKnownFileType = text.plist.xml; path = Info.plist; sourceTree = "<group>"; };
		264B2ED12506154B00F15CB7 /* Obj-C-Bridging-Header.h */ = {isa = PBXFileReference; lastKnownFileType = sourcecode.c.h; path = "Obj-C-Bridging-Header.h"; sourceTree = "<group>"; };
		26FB3FE6250788E400B9C3E2 /* MapperOne.swift */ = {isa = PBXFileReference; lastKnownFileType = sourcecode.swift; path = MapperOne.swift; sourceTree = "<group>"; };
		26FB3FEA2507891B00B9C3E2 /* MapperTwo.h */ = {isa = PBXFileReference; lastKnownFileType = sourcecode.c.h; path = MapperTwo.h; sourceTree = "<group>"; };
		26FB3FEB2507891B00B9C3E2 /* MapperTwo.m */ = {isa = PBXFileReference; lastKnownFileType = sourcecode.c.objc; path = MapperTwo.m; sourceTree = "<group>"; };
		26FB3FED2507914200B9C3E2 /* MapperTwo+Extension.swift */ = {isa = PBXFileReference; lastKnownFileType = sourcecode.swift; path = "MapperTwo+Extension.swift"; sourceTree = "<group>"; };
/* End PBXFileReference section */

/* Begin PBXFrameworksBuildPhase section */
		264B2EB6250614FE00F15CB7 /* Frameworks */ = {
			isa = PBXFrameworksBuildPhase;
			buildActionMask = 2147483647;
			files = (
			);
			runOnlyForDeploymentPostprocessing = 0;
		};
/* End PBXFrameworksBuildPhase section */

/* Begin PBXGroup section */
		264B2EB0250614FE00F15CB7 = {
			isa = PBXGroup;
			children = (
				264B2EBB250614FE00F15CB7 /* Obj-C */,
				264B2EBA250614FE00F15CB7 /* Products */,
			);
			sourceTree = "<group>";
		};
		264B2EBA250614FE00F15CB7 /* Products */ = {
			isa = PBXGroup;
			children = (
				264B2EB9250614FE00F15CB7 /* Obj-C.app */,
			);
			name = Products;
			sourceTree = "<group>";
		};
		264B2EBB250614FE00F15CB7 /* Obj-C */ = {
			isa = PBXGroup;
			children = (
				26FB3FE5250788CD00B9C3E2 /* Mappers */,
				264B2ED02506150700F15CB7 /* ViewControllers */,
				264B2EBC250614FE00F15CB7 /* AppDelegate.swift */,
				264B2EBE250614FE00F15CB7 /* SceneDelegate.swift */,
				264B2ED12506154B00F15CB7 /* Obj-C-Bridging-Header.h */,
				264B2EC2250614FE00F15CB7 /* Main.storyboard */,
				264B2EC52506150000F15CB7 /* Assets.xcassets */,
				264B2EC72506150000F15CB7 /* LaunchScreen.storyboard */,
				264B2ECA2506150000F15CB7 /* Info.plist */,
			);
			path = "Obj-C";
			sourceTree = "<group>";
		};
		264B2ED02506150700F15CB7 /* ViewControllers */ = {
			isa = PBXGroup;
			children = (
				264B2EC0250614FE00F15CB7 /* ViewController.swift */,
			);
			path = ViewControllers;
			sourceTree = "<group>";
		};
		26FB3FE5250788CD00B9C3E2 /* Mappers */ = {
			isa = PBXGroup;
			children = (
				26FB3FE6250788E400B9C3E2 /* MapperOne.swift */,
				26FB3FEA2507891B00B9C3E2 /* MapperTwo.h */,
				26FB3FEB2507891B00B9C3E2 /* MapperTwo.m */,
				26FB3FED2507914200B9C3E2 /* MapperTwo+Extension.swift */,
			);
			path = Mappers;
			sourceTree = "<group>";
		};
/* End PBXGroup section */

/* Begin PBXNativeTarget section */
		264B2EB8250614FE00F15CB7 /* Obj-C */ = {
			isa = PBXNativeTarget;
			buildConfigurationList = 264B2ECD2506150000F15CB7 /* Build configuration list for PBXNativeTarget "Obj-C" */;
			buildPhases = (
				264B2EB5250614FE00F15CB7 /* Sources */,
				264B2EB6250614FE00F15CB7 /* Frameworks */,
				264B2EB7250614FE00F15CB7 /* Resources */,
			);
			buildRules = (
			);
			dependencies = (
			);
			name = "Obj-C";
			productName = "Obj-C";
			productReference = 264B2EB9250614FE00F15CB7 /* Obj-C.app */;
			productType = "com.apple.product-type.application";
		};
/* End PBXNativeTarget section */

/* Begin PBXProject section */
		264B2EB1250614FE00F15CB7 /* Project object */ = {
			isa = PBXProject;
			attributes = {
				LastSwiftUpdateCheck = 1150;
				LastUpgradeCheck = 1150;
				ORGANIZATIONNAME = "Armand Kamffer";
				TargetAttributes = {
					264B2EB8250614FE00F15CB7 = {
						CreatedOnToolsVersion = 11.5;
						LastSwiftMigration = 1150;
					};
				};
			};
			buildConfigurationList = 264B2EB4250614FE00F15CB7 /* Build configuration list for PBXProject "Obj-C" */;
			compatibilityVersion = "Xcode 9.3";
			developmentRegion = en;
			hasScannedForEncodings = 0;
			knownRegions = (
				en,
				Base,
			);
			mainGroup = 264B2EB0250614FE00F15CB7;
			productRefGroup = 264B2EBA250614FE00F15CB7 /* Products */;
			projectDirPath = "";
			projectRoot = "";
			targets = (
				264B2EB8250614FE00F15CB7 /* Obj-C */,
			);
		};
/* End PBXProject section */

/* Begin PBXResourcesBuildPhase section */
		264B2EB7250614FE00F15CB7 /* Resources */ = {
			isa = PBXResourcesBuildPhase;
			buildActionMask = 2147483647;
			files = (
				264B2EC92506150000F15CB7 /* LaunchScreen.storyboard in Resources */,
				264B2EC62506150000F15CB7 /* Assets.xcassets in Resources */,
				264B2EC4250614FE00F15CB7 /* Main.storyboard in Resources */,
			);
			runOnlyForDeploymentPostprocessing = 0;
		};
/* End PBXResourcesBuildPhase section */

/* Begin PBXSourcesBuildPhase section */
		264B2EB5250614FE00F15CB7 /* Sources */ = {
			isa = PBXSourcesBuildPhase;
			buildActionMask = 2147483647;
			files = (
				26FB3FEC2507891B00B9C3E2 /* MapperTwo.m in Sources */,
				26FB3FEE2507914200B9C3E2 /* MapperTwo+Extension.swift in Sources */,
				264B2EC1250614FE00F15CB7 /* ViewController.swift in Sources */,
				264B2EBD250614FE00F15CB7 /* AppDelegate.swift in Sources */,
				26FB3FE7250788E400B9C3E2 /* MapperOne.swift in Sources */,
				264B2EBF250614FE00F15CB7 /* SceneDelegate.swift in Sources */,
			);
			runOnlyForDeploymentPostprocessing = 0;
		};
/* End PBXSourcesBuildPhase section */

/* Begin PBXVariantGroup section */
		264B2EC2250614FE00F15CB7 /* Main.storyboard */ = {
			isa = PBXVariantGroup;
			children = (
				264B2EC3250614FE00F15CB7 /* Base */,
			);
			name = Main.storyboard;
			sourceTree = "<group>";
		};
		264B2EC72506150000F15CB7 /* LaunchScreen.storyboard */ = {
			isa = PBXVariantGroup;
			children = (
				264B2EC82506150000F15CB7 /* Base */,
			);
			name = LaunchScreen.storyboard;
			sourceTree = "<group>";
		};
/* End PBXVariantGroup section */

/* Begin XCBuildConfiguration section */
		264B2ECB2506150000F15CB7 /* Debug */ = {
			isa = XCBuildConfiguration;
			buildSettings = {
				ALWAYS_SEARCH_USER_PATHS = NO;
				CLANG_ANALYZER_NONNULL = YES;
				CLANG_ANALYZER_NUMBER_OBJECT_CONVERSION = YES_AGGRESSIVE;
				CLANG_CXX_LANGUAGE_STANDARD = "gnu++14";
				CLANG_CXX_LIBRARY = "libc++";
				CLANG_ENABLE_MODULES = YES;
				CLANG_ENABLE_OBJC_ARC = YES;
				CLANG_ENABLE_OBJC_WEAK = YES;
				CLANG_WARN_BLOCK_CAPTURE_AUTORELEASING = YES;
				CLANG_WARN_BOOL_CONVERSION = YES;
				CLANG_WARN_COMMA = YES;
				CLANG_WARN_CONSTANT_CONVERSION = YES;
				CLANG_WARN_DEPRECATED_OBJC_IMPLEMENTATIONS = YES;
				CLANG_WARN_DIRECT_OBJC_ISA_USAGE = YES_ERROR;
				CLANG_WARN_DOCUMENTATION_COMMENTS = YES;
				CLANG_WARN_EMPTY_BODY = YES;
				CLANG_WARN_ENUM_CONVERSION = YES;
				CLANG_WARN_INFINITE_RECURSION = YES;
				CLANG_WARN_INT_CONVERSION = YES;
				CLANG_WARN_NON_LITERAL_NULL_CONVERSION = YES;
				CLANG_WARN_OBJC_IMPLICIT_RETAIN_SELF = YES;
				CLANG_WARN_OBJC_LITERAL_CONVERSION = YES;
				CLANG_WARN_OBJC_ROOT_CLASS = YES_ERROR;
				CLANG_WARN_RANGE_LOOP_ANALYSIS = YES;
				CLANG_WARN_STRICT_PROTOTYPES = YES;
				CLANG_WARN_SUSPICIOUS_MOVE = YES;
				CLANG_WARN_UNGUARDED_AVAILABILITY = YES_AGGRESSIVE;
				CLANG_WARN_UNREACHABLE_CODE = YES;
				CLANG_WARN__DUPLICATE_METHOD_MATCH = YES;
				COPY_PHASE_STRIP = NO;
				DEBUG_INFORMATION_FORMAT = dwarf;
				ENABLE_STRICT_OBJC_MSGSEND = YES;
				ENABLE_TESTABILITY = YES;
				GCC_C_LANGUAGE_STANDARD = gnu11;
				GCC_DYNAMIC_NO_PIC = NO;
				GCC_NO_COMMON_BLOCKS = YES;
				GCC_OPTIMIZATION_LEVEL = 0;
				GCC_PREPROCESSOR_DEFINITIONS = (
					"DEBUG=1",
					"$(inherited)",
				);
				GCC_WARN_64_TO_32_BIT_CONVERSION = YES;
				GCC_WARN_ABOUT_RETURN_TYPE = YES_ERROR;
				GCC_WARN_UNDECLARED_SELECTOR = YES;
				GCC_WARN_UNINITIALIZED_AUTOS = YES_AGGRESSIVE;
				GCC_WARN_UNUSED_FUNCTION = YES;
				GCC_WARN_UNUSED_VARIABLE = YES;
				IPHONEOS_DEPLOYMENT_TARGET = 13.5;
				MTL_ENABLE_DEBUG_INFO = INCLUDE_SOURCE;
				MTL_FAST_MATH = YES;
				ONLY_ACTIVE_ARCH = YES;
				SDKROOT = iphoneos;
				SWIFT_ACTIVE_COMPILATION_CONDITIONS = DEBUG;
				SWIFT_OPTIMIZATION_LEVEL = "-Onone";
			};
			name = Debug;
		};
		264B2ECC2506150000F15CB7 /* Release */ = {
			isa = XCBuildConfiguration;
			buildSettings = {
				ALWAYS_SEARCH_USER_PATHS = NO;
				CLANG_ANALYZER_NONNULL = YES;
				CLANG_ANALYZER_NUMBER_OBJECT_CONVERSION = YES_AGGRESSIVE;
				CLANG_CXX_LANGUAGE_STANDARD = "gnu++14";
				CLANG_CXX_LIBRARY = "libc++";
				CLANG_ENABLE_MODULES = YES;
				CLANG_ENABLE_OBJC_ARC = YES;
				CLANG_ENABLE_OBJC_WEAK = YES;
				CLANG_WARN_BLOCK_CAPTURE_AUTORELEASING = YES;
				CLANG_WARN_BOOL_CONVERSION = YES;
				CLANG_WARN_COMMA = YES;
				CLANG_WARN_CONSTANT_CONVERSION = YES;
				CLANG_WARN_DEPRECATED_OBJC_IMPLEMENTATIONS = YES;
				CLANG_WARN_DIRECT_OBJC_ISA_USAGE = YES_ERROR;
				CLANG_WARN_DOCUMENTATION_COMMENTS = YES;
				CLANG_WARN_EMPTY_BODY = YES;
				CLANG_WARN_ENUM_CONVERSION = YES;
				CLANG_WARN_INFINITE_RECURSION = YES;
				CLANG_WARN_INT_CONVERSION = YES;
				CLANG_WARN_NON_LITERAL_NULL_CONVERSION = YES;
				CLANG_WARN_OBJC_IMPLICIT_RETAIN_SELF = YES;
				CLANG_WARN_OBJC_LITERAL_CONVERSION = YES;
				CLANG_WARN_OBJC_ROOT_CLASS = YES_ERROR;
				CLANG_WARN_RANGE_LOOP_ANALYSIS = YES;
				CLANG_WARN_STRICT_PROTOTYPES = YES;
				CLANG_WARN_SUSPICIOUS_MOVE = YES;
				CLANG_WARN_UNGUARDED_AVAILABILITY = YES_AGGRESSIVE;
				CLANG_WARN_UNREACHABLE_CODE = YES;
				CLANG_WARN__DUPLICATE_METHOD_MATCH = YES;
				COPY_PHASE_STRIP = NO;
				DEBUG_INFORMATION_FORMAT = "dwarf-with-dsym";
				ENABLE_NS_ASSERTIONS = NO;
				ENABLE_STRICT_OBJC_MSGSEND = YES;
				GCC_C_LANGUAGE_STANDARD = gnu11;
				GCC_NO_COMMON_BLOCKS = YES;
				GCC_WARN_64_TO_32_BIT_CONVERSION = YES;
				GCC_WARN_ABOUT_RETURN_TYPE = YES_ERROR;
				GCC_WARN_UNDECLARED_SELECTOR = YES;
				GCC_WARN_UNINITIALIZED_AUTOS = YES_AGGRESSIVE;
				GCC_WARN_UNUSED_FUNCTION = YES;
				GCC_WARN_UNUSED_VARIABLE = YES;
				IPHONEOS_DEPLOYMENT_TARGET = 13.5;
				MTL_ENABLE_DEBUG_INFO = NO;
				MTL_FAST_MATH = YES;
				SDKROOT = iphoneos;
				SWIFT_COMPILATION_MODE = wholemodule;
				SWIFT_OPTIMIZATION_LEVEL = "-O";
				VALIDATE_PRODUCT = YES;
			};
			name = Release;
		};
		264B2ECE2506150000F15CB7 /* Debug */ = {
			isa = XCBuildConfiguration;
			buildSettings = {
				ASSETCATALOG_COMPILER_APPICON_NAME = AppIcon;
				CLANG_ENABLE_MODULES = YES;
				CODE_SIGN_STYLE = Automatic;
				DEVELOPMENT_TEAM = 47QLT56GDU;
				INFOPLIST_FILE = "Obj-C/Info.plist";
				LD_RUNPATH_SEARCH_PATHS = (
					"$(inherited)",
					"@executable_path/Frameworks",
				);
				PRODUCT_BUNDLE_IDENTIFIER = "za.co.armandkamffer.Obj-C";
				PRODUCT_NAME = "$(TARGET_NAME)";
				SWIFT_OBJC_BRIDGING_HEADER = "Obj-C/Obj-C-Bridging-Header.h";
				SWIFT_OPTIMIZATION_LEVEL = "-Onone";
				SWIFT_VERSION = 5.0;
				TARGETED_DEVICE_FAMILY = "1,2";
			};
			name = Debug;
		};
		264B2ECF2506150000F15CB7 /* Release */ = {
			isa = XCBuildConfiguration;
			buildSettings = {
				ASSETCATALOG_COMPILER_APPICON_NAME = AppIcon;
				CLANG_ENABLE_MODULES = YES;
				CODE_SIGN_STYLE = Automatic;
				DEVELOPMENT_TEAM = 47QLT56GDU;
				INFOPLIST_FILE = "Obj-C/Info.plist";
				LD_RUNPATH_SEARCH_PATHS = (
					"$(inherited)",
					"@executable_path/Frameworks",
				);
				PRODUCT_BUNDLE_IDENTIFIER = "za.co.armandkamffer.Obj-C";
				PRODUCT_NAME = "$(TARGET_NAME)";
				SWIFT_OBJC_BRIDGING_HEADER = "Obj-C/Obj-C-Bridging-Header.h";
				SWIFT_VERSION = 5.0;
				TARGETED_DEVICE_FAMILY = "1,2";
			};
			name = Release;
		};
/* End XCBuildConfiguration section */

/* Begin XCConfigurationList section */
		264B2EB4250614FE00F15CB7 /* Build configuration list for PBXProject "Obj-C" */ = {
			isa = XCConfigurationList;
			buildConfigurations = (
				264B2ECB2506150000F15CB7 /* Debug */,
				264B2ECC2506150000F15CB7 /* Release */,
			);
			defaultConfigurationIsVisible = 0;
			defaultConfigurationName = Release;
		};
		264B2ECD2506150000F15CB7 /* Build configuration list for PBXNativeTarget "Obj-C" */ = {
			isa = XCConfigurationList;
			buildConfigurations = (
				264B2ECE2506150000F15CB7 /* Debug */,
				264B2ECF2506150000F15CB7 /* Release */,
			);
			defaultConfigurationIsVisible = 0;
			defaultConfigurationName = Release;
		};
/* End XCConfigurationList section */
	};
	rootObject = 264B2EB1250614FE00F15CB7 /* Project object */;
}
